
Microsoft Visual Studio Solution File, Format Version 12.00
# Visual Studio Version 16
VisualStudioVersion = 16.0.31410.357
MinimumVisualStudioVersion = 10.0.40219.1
Project("{FAE04EC0-301F-11D3-BF4B-00C04F79EFBC}") = "Pramod.GuestTracker.Web", "Pramod.GuestTracker.Web\Pramod.GuestTracker.Web.csproj", "{F6220AA3-A957-490B-92BD-FCBF6CB5C777}"
EndProject
Project("{FAE04EC0-301F-11D3-BF4B-00C04F79EFBC}") = "Pramod.GuestTracker.QR", "Pramod.GuestTracker.QR\Pramod.GuestTracker.QR.csproj", "{F6D9E21B-F039-4A3B-9AF2-0E50F4DC25F4}"
EndProject
Project("{FAE04EC0-301F-11D3-BF4B-00C04F79EFBC}") = "Pramod.GuestTracker.WhatsAppMessenger", "Pramod.GuestTracker.WhatsAppMessenger\Pramod.GuestTracker.WhatsAppMessenger.csproj", "{C4A335AA-6605-488D-9523-86C1031899DF}"
EndProject
Global
	GlobalSection(SolutionConfigurationPlatforms) = preSolution
		Debug|Any CPU = Debug|Any CPU
		Release|Any CPU = Release|Any CPU
	EndGlobalSection
	GlobalSection(ProjectConfigurationPlatforms) = postSolution
		{F6220AA3-A957-490B-92BD-FCBF6CB5C777}.Debug|Any CPU.ActiveCfg = Debug|Any CPU
		{F6220AA3-A957-490B-92BD-FCBF6CB5C777}.Debug|Any CPU.Build.0 = Debug|Any CPU
		{F6220AA3-A957-490B-92BD-FCBF6CB5C777}.Release|Any CPU.ActiveCfg = Release|Any CPU
		{F6220AA3-A957-490B-92BD-FCBF6CB5C777}.Release|Any CPU.Build.0 = Release|Any CPU
		{F6D9E21B-F039-4A3B-9AF2-0E50F4DC25F4}.Debug|Any CPU.ActiveCfg = Debug|Any CPU
		{F6D9E21B-F039-4A3B-9AF2-0E50F4DC25F4}.Debug|Any CPU.Build.0 = Debug|Any CPU
		{F6D9E21B-F039-4A3B-9AF2-0E50F4DC25F4}.Release|Any CPU.ActiveCfg = Release|Any CPU
		{F6D9E21B-F039-4A3B-9AF2-0E50F4DC25F4}.Release|Any CPU.Build.0 = Release|Any CPU
		{C4A335AA-6605-488D-9523-86C1031899DF}.Debug|Any CPU.ActiveCfg = Debug|Any CPU
		{C4A335AA-6605-488D-9523-86C1031899DF}.Debug|Any CPU.Build.0 = Debug|Any CPU
		{C4A335AA-6605-488D-9523-86C1031899DF}.Release|Any CPU.ActiveCfg = Release|Any CPU
		{C4A335AA-6605-488D-9523-86C1031899DF}.Release|Any CPU.Build.0 = Release|Any CPU
	EndGlobalSection
	GlobalSection(SolutionProperties) = preSolution
		HideSolutionNode = FALSE
	EndGlobalSection
	GlobalSection(ExtensibilityGlobals) = postSolution
		SolutionGuid = {AC2D775B-2E53-4805-92AD-72C4F8B2BD45}
	EndGlobalSection
EndGlobal
